
Microsoft Visual Studio Solution File, Format Version 12.00
# Visual Studio Version 17
VisualStudioVersion = 17.1.32210.238
MinimumVisualStudioVersion = 10.0.40219.1
Project("{2150E333-8FDC-42A3-9474-1A3956D46DE8}") = "Sample", "Sample", "{0D1ABBD1-1EF8-4A16-9676-E5F0D9933AA9}"
EndProject
Project("{2150E333-8FDC-42A3-9474-1A3956D46DE8}") = "솔루션 항목", "솔루션 항목", "{0B7BEA92-EB5C-4948-8A7D-C45CDB06B9E1}"
EndProject
Project("{9A19103F-16F7-4668-BE54-9A1E7A4F7556}") = "MVVMToolKit", "MVVMToolKit\MVVMToolKit.csproj", "{06B87EF3-2F3F-4229-B070-94B1214EE4AF}"
EndProject
Project("{9A19103F-16F7-4668-BE54-9A1E7A4F7556}") = "Infrastructure", "Samples\WithModuleSample\Infrastructure\Infrastructure.csproj", "{291AFE90-9309-4CD0-A779-0AF6C0736755}"
EndProject
Project("{9A19103F-16F7-4668-BE54-9A1E7A4F7556}") = "ProtoTypeModule", "Samples\WithModuleSample\ProtoTypeModule\ProtoTypeModule.csproj", "{821F63AC-C35E-4D6B-B353-A1813E9982B1}"
EndProject
Project("{2150E333-8FDC-42A3-9474-1A3956D46DE8}") = "WithModuleSample", "WithModuleSample", "{3D044291-3E18-4FBC-A71E-E0CB04046430}"
EndProject
Project("{9A19103F-16F7-4668-BE54-9A1E7A4F7556}") = "WithModuleSample", "Samples\WithModuleSample\WithModuleSample\WithModuleSample.csproj", "{DBF3CDB7-B4D7-4B68-8294-C7D388C0D0EA}"
EndProject
Global
	GlobalSection(SolutionConfigurationPlatforms) = preSolution
		Debug|Any CPU = Debug|Any CPU
		Debug|x64 = Debug|x64
		Debug|x86 = Debug|x86
		Release|Any CPU = Release|Any CPU
		Release|x64 = Release|x64
		Release|x86 = Release|x86
	EndGlobalSection
	GlobalSection(ProjectConfigurationPlatforms) = postSolution
		{06B87EF3-2F3F-4229-B070-94B1214EE4AF}.Debug|Any CPU.ActiveCfg = Debug|Any CPU
		{06B87EF3-2F3F-4229-B070-94B1214EE4AF}.Debug|Any CPU.Build.0 = Debug|Any CPU
		{06B87EF3-2F3F-4229-B070-94B1214EE4AF}.Debug|x64.ActiveCfg = Debug|x64
		{06B87EF3-2F3F-4229-B070-94B1214EE4AF}.Debug|x64.Build.0 = Debug|x64
		{06B87EF3-2F3F-4229-B070-94B1214EE4AF}.Debug|x86.ActiveCfg = Debug|x86
		{06B87EF3-2F3F-4229-B070-94B1214EE4AF}.Debug|x86.Build.0 = Debug|x86
		{06B87EF3-2F3F-4229-B070-94B1214EE4AF}.Release|Any CPU.ActiveCfg = Release|Any CPU
		{06B87EF3-2F3F-4229-B070-94B1214EE4AF}.Release|Any CPU.Build.0 = Release|Any CPU
		{06B87EF3-2F3F-4229-B070-94B1214EE4AF}.Release|x64.ActiveCfg = Release|x64
		{06B87EF3-2F3F-4229-B070-94B1214EE4AF}.Release|x64.Build.0 = Release|x64
		{06B87EF3-2F3F-4229-B070-94B1214EE4AF}.Release|x86.ActiveCfg = Release|x86
		{06B87EF3-2F3F-4229-B070-94B1214EE4AF}.Release|x86.Build.0 = Release|x86
		{291AFE90-9309-4CD0-A779-0AF6C0736755}.Debug|Any CPU.ActiveCfg = Debug|Any CPU
		{291AFE90-9309-4CD0-A779-0AF6C0736755}.Debug|Any CPU.Build.0 = Debug|Any CPU
		{291AFE90-9309-4CD0-A779-0AF6C0736755}.Debug|x64.ActiveCfg = Debug|x64
		{291AFE90-9309-4CD0-A779-0AF6C0736755}.Debug|x64.Build.0 = Debug|x64
		{291AFE90-9309-4CD0-A779-0AF6C0736755}.Debug|x86.ActiveCfg = Debug|Any CPU
		{291AFE90-9309-4CD0-A779-0AF6C0736755}.Debug|x86.Build.0 = Debug|Any CPU
		{291AFE90-9309-4CD0-A779-0AF6C0736755}.Release|Any CPU.ActiveCfg = Release|Any CPU
		{291AFE90-9309-4CD0-A779-0AF6C0736755}.Release|Any CPU.Build.0 = Release|Any CPU
		{291AFE90-9309-4CD0-A779-0AF6C0736755}.Release|x64.ActiveCfg = Release|x64
		{291AFE90-9309-4CD0-A779-0AF6C0736755}.Release|x64.Build.0 = Release|x64
		{291AFE90-9309-4CD0-A779-0AF6C0736755}.Release|x86.ActiveCfg = Release|Any CPU
		{291AFE90-9309-4CD0-A779-0AF6C0736755}.Release|x86.Build.0 = Release|Any CPU
		{821F63AC-C35E-4D6B-B353-A1813E9982B1}.Debug|Any CPU.ActiveCfg = Debug|Any CPU
		{821F63AC-C35E-4D6B-B353-A1813E9982B1}.Debug|Any CPU.Build.0 = Debug|Any CPU
		{821F63AC-C35E-4D6B-B353-A1813E9982B1}.Debug|x64.ActiveCfg = Debug|x64
		{821F63AC-C35E-4D6B-B353-A1813E9982B1}.Debug|x64.Build.0 = Debug|x64
		{821F63AC-C35E-4D6B-B353-A1813E9982B1}.Debug|x86.ActiveCfg = Debug|Any CPU
		{821F63AC-C35E-4D6B-B353-A1813E9982B1}.Debug|x86.Build.0 = Debug|Any CPU
		{821F63AC-C35E-4D6B-B353-A1813E9982B1}.Release|Any CPU.ActiveCfg = Release|Any CPU
		{821F63AC-C35E-4D6B-B353-A1813E9982B1}.Release|Any CPU.Build.0 = Release|Any CPU
		{821F63AC-C35E-4D6B-B353-A1813E9982B1}.Release|x64.ActiveCfg = Release|x64
		{821F63AC-C35E-4D6B-B353-A1813E9982B1}.Release|x64.Build.0 = Release|x64
		{821F63AC-C35E-4D6B-B353-A1813E9982B1}.Release|x86.ActiveCfg = Release|Any CPU
		{821F63AC-C35E-4D6B-B353-A1813E9982B1}.Release|x86.Build.0 = Release|Any CPU
		{DBF3CDB7-B4D7-4B68-8294-C7D388C0D0EA}.Debug|Any CPU.ActiveCfg = Debug|Any CPU
		{DBF3CDB7-B4D7-4B68-8294-C7D388C0D0EA}.Debug|Any CPU.Build.0 = Debug|Any CPU
		{DBF3CDB7-B4D7-4B68-8294-C7D388C0D0EA}.Debug|x64.ActiveCfg = Debug|x64
		{DBF3CDB7-B4D7-4B68-8294-C7D388C0D0EA}.Debug|x64.Build.0 = Debug|x64
		{DBF3CDB7-B4D7-4B68-8294-C7D388C0D0EA}.Debug|x86.ActiveCfg = Debug|Any CPU
		{DBF3CDB7-B4D7-4B68-8294-C7D388C0D0EA}.Debug|x86.Build.0 = Debug|Any CPU
		{DBF3CDB7-B4D7-4B68-8294-C7D388C0D0EA}.Release|Any CPU.ActiveCfg = Release|Any CPU
		{DBF3CDB7-B4D7-4B68-8294-C7D388C0D0EA}.Release|Any CPU.Build.0 = Release|Any CPU
		{DBF3CDB7-B4D7-4B68-8294-C7D388C0D0EA}.Release|x64.ActiveCfg = Release|x64
		{DBF3CDB7-B4D7-4B68-8294-C7D388C0D0EA}.Release|x64.Build.0 = Release|x64
		{DBF3CDB7-B4D7-4B68-8294-C7D388C0D0EA}.Release|x86.ActiveCfg = Release|Any CPU
		{DBF3CDB7-B4D7-4B68-8294-C7D388C0D0EA}.Release|x86.Build.0 = Release|Any CPU
	EndGlobalSection
	GlobalSection(SolutionProperties) = preSolution
		HideSolutionNode = FALSE
	EndGlobalSection
	GlobalSection(NestedProjects) = preSolution
		{291AFE90-9309-4CD0-A779-0AF6C0736755} = {3D044291-3E18-4FBC-A71E-E0CB04046430}
		{821F63AC-C35E-4D6B-B353-A1813E9982B1} = {3D044291-3E18-4FBC-A71E-E0CB04046430}
		{3D044291-3E18-4FBC-A71E-E0CB04046430} = {0D1ABBD1-1EF8-4A16-9676-E5F0D9933AA9}
		{DBF3CDB7-B4D7-4B68-8294-C7D388C0D0EA} = {3D044291-3E18-4FBC-A71E-E0CB04046430}
	EndGlobalSection
	GlobalSection(ExtensibilityGlobals) = postSolution
		SolutionGuid = {AD762449-4768-4D22-83BA-4C97DA6D39EC}
	EndGlobalSection
EndGlobal
