
Microsoft Visual Studio Solution File, Format Version 12.00
# Visual Studio Version 17
VisualStudioVersion = 17.1.32210.238
MinimumVisualStudioVersion = 10.0.40219.1
Project("{2150E333-8FDC-42A3-9474-1A3956D46DE8}") = "Sample", "Sample", "{0D1ABBD1-1EF8-4A16-9676-E5F0D9933AA9}"
EndProject
Project("{2150E333-8FDC-42A3-9474-1A3956D46DE8}") = "솔루션 항목", "솔루션 항목", "{0B7BEA92-EB5C-4948-8A7D-C45CDB06B9E1}"
EndProject
Project("{9A19103F-16F7-4668-BE54-9A1E7A4F7556}") = "MVVMToolKit", "MVVMToolKit\MVVMToolKit.csproj", "{06B87EF3-2F3F-4229-B070-94B1214EE4AF}"
EndProject
Global
	GlobalSection(SolutionConfigurationPlatforms) = preSolution
		Debug|Any CPU = Debug|Any CPU
		Debug|x64 = Debug|x64
		Debug|x86 = Debug|x86
		Release|Any CPU = Release|Any CPU
		Release|x64 = Release|x64
		Release|x86 = Release|x86
	EndGlobalSection
	GlobalSection(ProjectConfigurationPlatforms) = postSolution
		{06B87EF3-2F3F-4229-B070-94B1214EE4AF}.Debug|Any CPU.ActiveCfg = Debug|Any CPU
		{06B87EF3-2F3F-4229-B070-94B1214EE4AF}.Debug|Any CPU.Build.0 = Debug|Any CPU
		{06B87EF3-2F3F-4229-B070-94B1214EE4AF}.Debug|x64.ActiveCfg = Debug|x64
		{06B87EF3-2F3F-4229-B070-94B1214EE4AF}.Debug|x64.Build.0 = Debug|x64
		{06B87EF3-2F3F-4229-B070-94B1214EE4AF}.Debug|x86.ActiveCfg = Debug|x86
		{06B87EF3-2F3F-4229-B070-94B1214EE4AF}.Debug|x86.Build.0 = Debug|x86
		{06B87EF3-2F3F-4229-B070-94B1214EE4AF}.Release|Any CPU.ActiveCfg = Release|Any CPU
		{06B87EF3-2F3F-4229-B070-94B1214EE4AF}.Release|Any CPU.Build.0 = Release|Any CPU
		{06B87EF3-2F3F-4229-B070-94B1214EE4AF}.Release|x64.ActiveCfg = Release|x64
		{06B87EF3-2F3F-4229-B070-94B1214EE4AF}.Release|x64.Build.0 = Release|x64
		{06B87EF3-2F3F-4229-B070-94B1214EE4AF}.Release|x86.ActiveCfg = Release|x86
		{06B87EF3-2F3F-4229-B070-94B1214EE4AF}.Release|x86.Build.0 = Release|x86
	EndGlobalSection
	GlobalSection(SolutionProperties) = preSolution
		HideSolutionNode = FALSE
	EndGlobalSection
	GlobalSection(ExtensibilityGlobals) = postSolution
		SolutionGuid = {AD762449-4768-4D22-83BA-4C97DA6D39EC}
	EndGlobalSection
EndGlobal
