
Microsoft Visual Studio Solution File, Format Version 12.00
# Visual Studio Version 17
VisualStudioVersion = 17.8.34408.163
MinimumVisualStudioVersion = 10.0.40219.1
Project("{9A19103F-16F7-4668-BE54-9A1E7A4F7556}") = "ZoneSample", "ZoneSample\ZoneSample.csproj", "{86E383F5-FD79-4C99-BDF8-B2AFDF235D68}"
EndProject
Global
	GlobalSection(SolutionConfigurationPlatforms) = preSolution
		Debug|Any CPU = Debug|Any CPU
		Debug|x64 = Debug|x64
		Release|Any CPU = Release|Any CPU
		Release|x64 = Release|x64
	EndGlobalSection
	GlobalSection(ProjectConfigurationPlatforms) = postSolution
		{86E383F5-FD79-4C99-BDF8-B2AFDF235D68}.Debug|Any CPU.ActiveCfg = Debug|Any CPU
		{86E383F5-FD79-4C99-BDF8-B2AFDF235D68}.Debug|Any CPU.Build.0 = Debug|Any CPU
		{86E383F5-FD79-4C99-BDF8-B2AFDF235D68}.Debug|x64.ActiveCfg = Debug|x64
		{86E383F5-FD79-4C99-BDF8-B2AFDF235D68}.Debug|x64.Build.0 = Debug|x64
		{86E383F5-FD79-4C99-BDF8-B2AFDF235D68}.Release|Any CPU.ActiveCfg = Release|Any CPU
		{86E383F5-FD79-4C99-BDF8-B2AFDF235D68}.Release|Any CPU.Build.0 = Release|Any CPU
		{86E383F5-FD79-4C99-BDF8-B2AFDF235D68}.Release|x64.ActiveCfg = Release|x64
		{86E383F5-FD79-4C99-BDF8-B2AFDF235D68}.Release|x64.Build.0 = Release|x64
	EndGlobalSection
	GlobalSection(SolutionProperties) = preSolution
		HideSolutionNode = FALSE
	EndGlobalSection
	GlobalSection(ExtensibilityGlobals) = postSolution
		SolutionGuid = {79C14063-1E24-473C-AEB0-23FA191A6626}
	EndGlobalSection
EndGlobal
